
Microsoft Visual Studio Solution File, Format Version 12.00
# Visual Studio Version 17
VisualStudioVersion = 17.4.33205.214
MinimumVisualStudioVersion = 10.0.40219.1
Project("{9A19103F-16F7-4668-BE54-9A1E7A4F7556}") = "Unidad_04_Ejercicio_i01", "Unidad_04_Ejercicio_i01.csproj", "{0D7869DE-8044-4166-AFD3-43EBBA050C65}"
EndProject
Project("{9A19103F-16F7-4668-BE54-9A1E7A4F7556}") = "Metodos-04", "..\Metodos-04\Metodos-04.csproj", "{E779EA69-8F37-4F64-8FC8-B28E423D1A82}"
EndProject
Project("{9A19103F-16F7-4668-BE54-9A1E7A4F7556}") = "Unidad_04_Ejercicio_i02", "..\Unidad_04_Ejercicio_i02\Unidad_04_Ejercicio_i02.csproj", "{4935F740-0BF8-4DB9-8830-9C5E6739FA2D}"
EndProject
Project("{9A19103F-16F7-4668-BE54-9A1E7A4F7556}") = "Billetera", "..\Billetera\Billetera.csproj", "{884231C0-2320-4555-B6ED-13838B9A5CDB}"
EndProject
Project("{FAE04EC0-301F-11D3-BF4B-00C04F79EFBC}") = "Unidad_04_Ejercicio_C01", "..\Unidad_04_Ejercicio_C01\Unidad_04_Ejercicio_C01.csproj", "{986D2E4C-F33A-4E0F-BDBA-3CA095C3F513}"
EndProject
Global
	GlobalSection(SolutionConfigurationPlatforms) = preSolution
		Debug|Any CPU = Debug|Any CPU
		Release|Any CPU = Release|Any CPU
	EndGlobalSection
	GlobalSection(ProjectConfigurationPlatforms) = postSolution
		{0D7869DE-8044-4166-AFD3-43EBBA050C65}.Debug|Any CPU.ActiveCfg = Debug|Any CPU
		{0D7869DE-8044-4166-AFD3-43EBBA050C65}.Debug|Any CPU.Build.0 = Debug|Any CPU
		{0D7869DE-8044-4166-AFD3-43EBBA050C65}.Release|Any CPU.ActiveCfg = Release|Any CPU
		{0D7869DE-8044-4166-AFD3-43EBBA050C65}.Release|Any CPU.Build.0 = Release|Any CPU
		{E779EA69-8F37-4F64-8FC8-B28E423D1A82}.Debug|Any CPU.ActiveCfg = Debug|Any CPU
		{E779EA69-8F37-4F64-8FC8-B28E423D1A82}.Debug|Any CPU.Build.0 = Debug|Any CPU
		{E779EA69-8F37-4F64-8FC8-B28E423D1A82}.Release|Any CPU.ActiveCfg = Release|Any CPU
		{E779EA69-8F37-4F64-8FC8-B28E423D1A82}.Release|Any CPU.Build.0 = Release|Any CPU
		{4935F740-0BF8-4DB9-8830-9C5E6739FA2D}.Debug|Any CPU.ActiveCfg = Debug|Any CPU
		{4935F740-0BF8-4DB9-8830-9C5E6739FA2D}.Debug|Any CPU.Build.0 = Debug|Any CPU
		{4935F740-0BF8-4DB9-8830-9C5E6739FA2D}.Release|Any CPU.ActiveCfg = Release|Any CPU
		{4935F740-0BF8-4DB9-8830-9C5E6739FA2D}.Release|Any CPU.Build.0 = Release|Any CPU
		{884231C0-2320-4555-B6ED-13838B9A5CDB}.Debug|Any CPU.ActiveCfg = Debug|Any CPU
		{884231C0-2320-4555-B6ED-13838B9A5CDB}.Debug|Any CPU.Build.0 = Debug|Any CPU
		{884231C0-2320-4555-B6ED-13838B9A5CDB}.Release|Any CPU.ActiveCfg = Release|Any CPU
		{884231C0-2320-4555-B6ED-13838B9A5CDB}.Release|Any CPU.Build.0 = Release|Any CPU
		{986D2E4C-F33A-4E0F-BDBA-3CA095C3F513}.Debug|Any CPU.ActiveCfg = Debug|Any CPU
		{986D2E4C-F33A-4E0F-BDBA-3CA095C3F513}.Debug|Any CPU.Build.0 = Debug|Any CPU
		{986D2E4C-F33A-4E0F-BDBA-3CA095C3F513}.Release|Any CPU.ActiveCfg = Release|Any CPU
		{986D2E4C-F33A-4E0F-BDBA-3CA095C3F513}.Release|Any CPU.Build.0 = Release|Any CPU
	EndGlobalSection
	GlobalSection(SolutionProperties) = preSolution
		HideSolutionNode = FALSE
	EndGlobalSection
	GlobalSection(ExtensibilityGlobals) = postSolution
		SolutionGuid = {14AF158F-132A-4578-B707-0AE4BCA031A9}
	EndGlobalSection
EndGlobal
