
Microsoft Visual Studio Solution File, Format Version 12.00
# Visual Studio Version 17
VisualStudioVersion = 17.4.33205.214
MinimumVisualStudioVersion = 10.0.40219.1
Project("{FAE04EC0-301F-11D3-BF4B-00C04F79EFBC}") = "Unidad_02_Ejercicio_05", "Unidad_02_Ejercicio_05\Unidad_02_Ejercicio_05.csproj", "{1942F6B5-28A2-45FC-94B9-4508B57D0756}"
EndProject
Global
	GlobalSection(SolutionConfigurationPlatforms) = preSolution
		Debug|Any CPU = Debug|Any CPU
		Release|Any CPU = Release|Any CPU
	EndGlobalSection
	GlobalSection(ProjectConfigurationPlatforms) = postSolution
		{1942F6B5-28A2-45FC-94B9-4508B57D0756}.Debug|Any CPU.ActiveCfg = Debug|Any CPU
		{1942F6B5-28A2-45FC-94B9-4508B57D0756}.Debug|Any CPU.Build.0 = Debug|Any CPU
		{1942F6B5-28A2-45FC-94B9-4508B57D0756}.Release|Any CPU.ActiveCfg = Release|Any CPU
		{1942F6B5-28A2-45FC-94B9-4508B57D0756}.Release|Any CPU.Build.0 = Release|Any CPU
	EndGlobalSection
	GlobalSection(SolutionProperties) = preSolution
		HideSolutionNode = FALSE
	EndGlobalSection
	GlobalSection(ExtensibilityGlobals) = postSolution
		SolutionGuid = {1268065B-3DCE-4894-859D-42488DC98FCA}
	EndGlobalSection
EndGlobal
