
Microsoft Visual Studio Solution File, Format Version 12.00
# Visual Studio Version 17
VisualStudioVersion = 17.4.33205.214
MinimumVisualStudioVersion = 10.0.40219.1
Project("{FAE04EC0-301F-11D3-BF4B-00C04F79EFBC}") = "Unidad_01_Introduccion_Ejercicio_04", "Unidad_01_Introduccion_Ejercicio_04\Unidad_01_Introduccion_Ejercicio_04.csproj", "{F4877DA0-94B7-4685-B01D-8DC0091D9037}"
EndProject
Global
	GlobalSection(SolutionConfigurationPlatforms) = preSolution
		Debug|Any CPU = Debug|Any CPU
		Release|Any CPU = Release|Any CPU
	EndGlobalSection
	GlobalSection(ProjectConfigurationPlatforms) = postSolution
		{F4877DA0-94B7-4685-B01D-8DC0091D9037}.Debug|Any CPU.ActiveCfg = Debug|Any CPU
		{F4877DA0-94B7-4685-B01D-8DC0091D9037}.Debug|Any CPU.Build.0 = Debug|Any CPU
		{F4877DA0-94B7-4685-B01D-8DC0091D9037}.Release|Any CPU.ActiveCfg = Release|Any CPU
		{F4877DA0-94B7-4685-B01D-8DC0091D9037}.Release|Any CPU.Build.0 = Release|Any CPU
	EndGlobalSection
	GlobalSection(SolutionProperties) = preSolution
		HideSolutionNode = FALSE
	EndGlobalSection
	GlobalSection(ExtensibilityGlobals) = postSolution
		SolutionGuid = {ABE446DD-75EC-4269-B66C-DEADBCF58C08}
	EndGlobalSection
EndGlobal
