
Microsoft Visual Studio Solution File, Format Version 12.00
# Visual Studio Version 17
VisualStudioVersion = 17.4.33205.214
MinimumVisualStudioVersion = 10.0.40219.1
Project("{FAE04EC0-301F-11D3-BF4B-00C04F79EFBC}") = "U01_I01", "U01_I01.csproj", "{48F9FFBE-338A-4683-A653-E2653C900490}"
EndProject
Project("{FAE04EC0-301F-11D3-BF4B-00C04F79EFBC}") = "U01_I02", "..\U01_I02\U01_I02.csproj", "{26A25FCE-7773-4227-99C6-0910CB908DC7}"
EndProject
Project("{FAE04EC0-301F-11D3-BF4B-00C04F79EFBC}") = "U01_I03", "..\U01_I03\U01_I03.csproj", "{7E76F99C-2602-433D-A8F7-28187A178954}"
EndProject
Project("{FAE04EC0-301F-11D3-BF4B-00C04F79EFBC}") = "U01_I04", "..\U01_I04\U01_I04.csproj", "{CA08EFC5-9591-44AF-ABBF-C083D0E32D58}"
EndProject
Project("{FAE04EC0-301F-11D3-BF4B-00C04F79EFBC}") = "U01_I05", "..\U01_I05\U01_I05.csproj", "{C235D2E2-AD34-4E28-8BD3-06A1859D6538}"
EndProject
Project("{FAE04EC0-301F-11D3-BF4B-00C04F79EFBC}") = "U01_I06", "..\U01_I06\U01_I06.csproj", "{DEE77C6C-31D1-400F-9A4E-519B37C9AA7E}"
EndProject
Project("{FAE04EC0-301F-11D3-BF4B-00C04F79EFBC}") = "U01_I07", "..\U01_I07\U01_I07.csproj", "{7F669A3D-81E2-45CB-8D40-2E087A7FE231}"
EndProject
Project("{FAE04EC0-301F-11D3-BF4B-00C04F79EFBC}") = "U01_I08", "..\U01_I08\U01_I08.csproj", "{8E1FC98C-D600-430D-B15F-ADCDC9B482A0}"
EndProject
Project("{FAE04EC0-301F-11D3-BF4B-00C04F79EFBC}") = "U01_I09", "..\U01_I09\U01_I09.csproj", "{C65C994C-F01A-44FB-9B17-6BBDD8822E5B}"
EndProject
Global
	GlobalSection(SolutionConfigurationPlatforms) = preSolution
		Debug|Any CPU = Debug|Any CPU
		Release|Any CPU = Release|Any CPU
	EndGlobalSection
	GlobalSection(ProjectConfigurationPlatforms) = postSolution
		{48F9FFBE-338A-4683-A653-E2653C900490}.Debug|Any CPU.ActiveCfg = Debug|Any CPU
		{48F9FFBE-338A-4683-A653-E2653C900490}.Debug|Any CPU.Build.0 = Debug|Any CPU
		{48F9FFBE-338A-4683-A653-E2653C900490}.Release|Any CPU.ActiveCfg = Release|Any CPU
		{48F9FFBE-338A-4683-A653-E2653C900490}.Release|Any CPU.Build.0 = Release|Any CPU
		{26A25FCE-7773-4227-99C6-0910CB908DC7}.Debug|Any CPU.ActiveCfg = Debug|Any CPU
		{26A25FCE-7773-4227-99C6-0910CB908DC7}.Debug|Any CPU.Build.0 = Debug|Any CPU
		{26A25FCE-7773-4227-99C6-0910CB908DC7}.Release|Any CPU.ActiveCfg = Release|Any CPU
		{26A25FCE-7773-4227-99C6-0910CB908DC7}.Release|Any CPU.Build.0 = Release|Any CPU
		{7E76F99C-2602-433D-A8F7-28187A178954}.Debug|Any CPU.ActiveCfg = Debug|Any CPU
		{7E76F99C-2602-433D-A8F7-28187A178954}.Debug|Any CPU.Build.0 = Debug|Any CPU
		{7E76F99C-2602-433D-A8F7-28187A178954}.Release|Any CPU.ActiveCfg = Release|Any CPU
		{7E76F99C-2602-433D-A8F7-28187A178954}.Release|Any CPU.Build.0 = Release|Any CPU
		{CA08EFC5-9591-44AF-ABBF-C083D0E32D58}.Debug|Any CPU.ActiveCfg = Debug|Any CPU
		{CA08EFC5-9591-44AF-ABBF-C083D0E32D58}.Debug|Any CPU.Build.0 = Debug|Any CPU
		{CA08EFC5-9591-44AF-ABBF-C083D0E32D58}.Release|Any CPU.ActiveCfg = Release|Any CPU
		{CA08EFC5-9591-44AF-ABBF-C083D0E32D58}.Release|Any CPU.Build.0 = Release|Any CPU
		{C235D2E2-AD34-4E28-8BD3-06A1859D6538}.Debug|Any CPU.ActiveCfg = Debug|Any CPU
		{C235D2E2-AD34-4E28-8BD3-06A1859D6538}.Debug|Any CPU.Build.0 = Debug|Any CPU
		{C235D2E2-AD34-4E28-8BD3-06A1859D6538}.Release|Any CPU.ActiveCfg = Release|Any CPU
		{C235D2E2-AD34-4E28-8BD3-06A1859D6538}.Release|Any CPU.Build.0 = Release|Any CPU
		{DEE77C6C-31D1-400F-9A4E-519B37C9AA7E}.Debug|Any CPU.ActiveCfg = Debug|Any CPU
		{DEE77C6C-31D1-400F-9A4E-519B37C9AA7E}.Debug|Any CPU.Build.0 = Debug|Any CPU
		{DEE77C6C-31D1-400F-9A4E-519B37C9AA7E}.Release|Any CPU.ActiveCfg = Release|Any CPU
		{DEE77C6C-31D1-400F-9A4E-519B37C9AA7E}.Release|Any CPU.Build.0 = Release|Any CPU
		{7F669A3D-81E2-45CB-8D40-2E087A7FE231}.Debug|Any CPU.ActiveCfg = Debug|Any CPU
		{7F669A3D-81E2-45CB-8D40-2E087A7FE231}.Debug|Any CPU.Build.0 = Debug|Any CPU
		{7F669A3D-81E2-45CB-8D40-2E087A7FE231}.Release|Any CPU.ActiveCfg = Release|Any CPU
		{7F669A3D-81E2-45CB-8D40-2E087A7FE231}.Release|Any CPU.Build.0 = Release|Any CPU
		{8E1FC98C-D600-430D-B15F-ADCDC9B482A0}.Debug|Any CPU.ActiveCfg = Debug|Any CPU
		{8E1FC98C-D600-430D-B15F-ADCDC9B482A0}.Debug|Any CPU.Build.0 = Debug|Any CPU
		{8E1FC98C-D600-430D-B15F-ADCDC9B482A0}.Release|Any CPU.ActiveCfg = Release|Any CPU
		{8E1FC98C-D600-430D-B15F-ADCDC9B482A0}.Release|Any CPU.Build.0 = Release|Any CPU
		{C65C994C-F01A-44FB-9B17-6BBDD8822E5B}.Debug|Any CPU.ActiveCfg = Debug|Any CPU
		{C65C994C-F01A-44FB-9B17-6BBDD8822E5B}.Debug|Any CPU.Build.0 = Debug|Any CPU
		{C65C994C-F01A-44FB-9B17-6BBDD8822E5B}.Release|Any CPU.ActiveCfg = Release|Any CPU
		{C65C994C-F01A-44FB-9B17-6BBDD8822E5B}.Release|Any CPU.Build.0 = Release|Any CPU
	EndGlobalSection
	GlobalSection(SolutionProperties) = preSolution
		HideSolutionNode = FALSE
	EndGlobalSection
	GlobalSection(ExtensibilityGlobals) = postSolution
		SolutionGuid = {DC526A50-045C-4807-8674-690BABC58495}
	EndGlobalSection
EndGlobal
