
Microsoft Visual Studio Solution File, Format Version 12.00
# Visual Studio Version 17
VisualStudioVersion = 17.4.33205.214
MinimumVisualStudioVersion = 10.0.40219.1
Project("{9A19103F-16F7-4668-BE54-9A1E7A4F7556}") = "U01_I01", "U01_I01.csproj", "{48F9FFBE-338A-4683-A653-E2653C900490}"
EndProject
Project("{9A19103F-16F7-4668-BE54-9A1E7A4F7556}") = "U01_I02", "..\U01_I02\U01_I02.csproj", "{26A25FCE-7773-4227-99C6-0910CB908DC7}"
EndProject
Project("{9A19103F-16F7-4668-BE54-9A1E7A4F7556}") = "U01_I03", "..\U01_I03\U01_I03.csproj", "{7E76F99C-2602-433D-A8F7-28187A178954}"
EndProject
Project("{9A19103F-16F7-4668-BE54-9A1E7A4F7556}") = "U01_I04", "..\U01_I04\U01_I04.csproj", "{CA08EFC5-9591-44AF-ABBF-C083D0E32D58}"
EndProject
Project("{9A19103F-16F7-4668-BE54-9A1E7A4F7556}") = "U01_I06", "..\U01_I06\U01_I06.csproj", "{DEE77C6C-31D1-400F-9A4E-519B37C9AA7E}"
EndProject
Project("{9A19103F-16F7-4668-BE54-9A1E7A4F7556}") = "U01_I08", "..\U01_I08\U01_I08.csproj", "{8E1FC98C-D600-430D-B15F-ADCDC9B482A0}"
EndProject
Project("{9A19103F-16F7-4668-BE54-9A1E7A4F7556}") = "U01_I09", "..\U01_I09\U01_I09.csproj", "{C65C994C-F01A-44FB-9B17-6BBDD8822E5B}"
EndProject
Project("{9A19103F-16F7-4668-BE54-9A1E7A4F7556}") = "U02_I01", "..\U02_I01\U02_I01.csproj", "{E23025ED-8812-4FE3-AD6A-93E6B94EE5D7}"
EndProject
Project("{9A19103F-16F7-4668-BE54-9A1E7A4F7556}") = "Metodos_U02", "..\Metodos_U02\Metodos_U02.csproj", "{7AD17134-FA23-4F6D-86EA-9C225737092F}"
EndProject
Project("{9A19103F-16F7-4668-BE54-9A1E7A4F7556}") = "U02_I02", "..\U02_I02\U02_I02.csproj", "{6E7E5982-D255-474B-84A7-A117081C5A96}"
EndProject
Project("{9A19103F-16F7-4668-BE54-9A1E7A4F7556}") = "U02_I03", "..\U02_I03\U02_I03.csproj", "{78694B6A-F8F6-412F-99A9-B5C26AAA2AB1}"
EndProject
Project("{9A19103F-16F7-4668-BE54-9A1E7A4F7556}") = "U02_I04", "..\U02_I04\U02_I04.csproj", "{F312D7B4-3062-4189-8426-E3E9E6AD9CDB}"
EndProject
Project("{9A19103F-16F7-4668-BE54-9A1E7A4F7556}") = "U02_I05", "..\U02_I05\U02_I05.csproj", "{DB76D4AB-814B-4EE0-9473-6086EA46C554}"
EndProject
Project("{9A19103F-16F7-4668-BE54-9A1E7A4F7556}") = "U03_I01", "..\U03_I01\U03_I01.csproj", "{CC1EDA2D-BFF9-4D78-83C0-33045B8DDBE9}"
EndProject
Project("{9A19103F-16F7-4668-BE54-9A1E7A4F7556}") = "U03_I02", "..\U03_I02\U03_I02.csproj", "{26B6F110-DE9D-49C2-BEE0-1A559E248B8C}"
EndProject
Project("{9A19103F-16F7-4668-BE54-9A1E7A4F7556}") = "U03_I03", "..\U03_I03\U03_I03.csproj", "{43D28826-3517-49B6-B638-FD7B968F1900}"
EndProject
Project("{9A19103F-16F7-4668-BE54-9A1E7A4F7556}") = "U03_I04", "..\U03_I04\U03_I04.csproj", "{5DF7C57D-58C9-4255-863D-32CA32852E61}"
EndProject
Project("{9A19103F-16F7-4668-BE54-9A1E7A4F7556}") = "Metodos_U03", "..\Metodos_U03\Metodos_U03.csproj", "{C5BE395C-EAD5-4D1D-844C-E0992B85A3E2}"
EndProject
Project("{9A19103F-16F7-4668-BE54-9A1E7A4F7556}") = "U04_I01", "..\U04_I01\U04_I01.csproj", "{F7510A5A-AAA7-4F6F-8C18-1D0D70D02A9B}"
EndProject
Project("{9A19103F-16F7-4668-BE54-9A1E7A4F7556}") = "Metodos_U04", "..\Metodos_U04\Metodos_U04.csproj", "{F3AFF5AC-E15F-4074-AAC9-7E205772E777}"
EndProject
Project("{9A19103F-16F7-4668-BE54-9A1E7A4F7556}") = "U04_I02", "..\U04_I02\U04_I02.csproj", "{E9FE6A47-B8BA-4057-8C49-995EF6545AE1}"
EndProject
Project("{9A19103F-16F7-4668-BE54-9A1E7A4F7556}") = "U04_C01", "..\U04_C01\U04_C01.csproj", "{6FFA5ACD-A246-4311-9403-3A22C648505B}"
EndProject
Project("{9A19103F-16F7-4668-BE54-9A1E7A4F7556}") = "Metodos_U04_Billetera", "..\Metodos_U04_Billetera\Metodos_U04_Billetera.csproj", "{70199C19-A102-4B91-98FF-998375BFED1B}"
EndProject
Project("{9A19103F-16F7-4668-BE54-9A1E7A4F7556}") = "U06_I01", "..\U06_I01\U06_I01.csproj", "{490B4843-8C34-414A-98F3-AD95235C490B}"
EndProject
Project("{9A19103F-16F7-4668-BE54-9A1E7A4F7556}") = "U06_I02", "..\U06_I02\U06_I02.csproj", "{3159C3BA-550D-4DE4-A95D-9779C1888BB0}"
EndProject
Project("{9A19103F-16F7-4668-BE54-9A1E7A4F7556}") = "U07_I01", "..\U07_I01\U07_I01.csproj", "{D48199A7-E53E-4D01-B98C-300061E1CAE9}"
EndProject
Project("{9A19103F-16F7-4668-BE54-9A1E7A4F7556}") = "U07_I02", "..\U07_I02\U07_I02.csproj", "{CD448076-9E9A-413F-A05E-532A2CED8217}"
EndProject
Project("{9A19103F-16F7-4668-BE54-9A1E7A4F7556}") = "U07_I03", "..\U07_I03\U07_I03.csproj", "{6DB1F47E-3178-4449-9D19-42BB1A322FEF}"
EndProject
Project("{9A19103F-16F7-4668-BE54-9A1E7A4F7556}") = "Metodos_U07_EstadisticaDeportida", "..\Metodos_U07_EstadisticaDeportida\Metodos_U07_EstadisticaDeportida.csproj", "{9C6A570F-268B-4010-915D-D2838C0B4C55}"
EndProject
Project("{9A19103F-16F7-4668-BE54-9A1E7A4F7556}") = "Metodos_U07_Libreria", "..\Metodos_U07_Libreria\Metodos_U07_Libreria.csproj", "{C91FD280-7662-4DAB-A8E5-C4A6F01EE9BD}"
EndProject
Project("{9A19103F-16F7-4668-BE54-9A1E7A4F7556}") = "Metodos_U07_PuestoDeAtencion", "..\Metodos_U07_PuestoDeAtencion\Metodos_U07_PuestoDeAtencion.csproj", "{48414DC7-43D4-4531-8CA7-FBD043071F63}"
EndProject
Project("{9A19103F-16F7-4668-BE54-9A1E7A4F7556}") = "Metodos_U08_CentralTelefonica", "..\Metodos_U08_CentralTelefonica\Metodos_U08_CentralTelefonica.csproj", "{A35F67E2-52AB-4B39-AFEE-9A7ECD77956C}"
EndProject
Project("{9A19103F-16F7-4668-BE54-9A1E7A4F7556}") = "Metodos_U08_HerenciaDepotiva", "..\Metodos_U08_HerenciaDepotiva\Metodos_U08_HerenciaDepotiva.csproj", "{C51BBB44-51AE-41D1-8A49-A3206D0F384A}"
EndProject
Project("{9A19103F-16F7-4668-BE54-9A1E7A4F7556}") = "U08_C01", "..\U08_C01\U08_C01.csproj", "{BEB48371-FC11-47C6-99B5-8987D21ADE28}"
EndProject
Project("{9A19103F-16F7-4668-BE54-9A1E7A4F7556}") = "U08_Centralita_I", "..\U08_Centralita_I\U08_Centralita_I.csproj", "{A4268261-EE9A-4AB5-A2F5-25B8785E9112}"
EndProject
Project("{9A19103F-16F7-4668-BE54-9A1E7A4F7556}") = "U08_I01", "..\U08_I01\U08_I01.csproj", "{AF88CF36-AA1E-4F2F-905C-B133379EB869}"
EndProject
Project("{9A19103F-16F7-4668-BE54-9A1E7A4F7556}") = "Metodos_U08", "..\Metodos_U08\Metodos_U08.csproj", "{9A41B425-68C4-4E3D-92DC-8DDDB6CAD424}"
EndProject
Project("{9A19103F-16F7-4668-BE54-9A1E7A4F7556}") = "U06_C02", "..\U06_C02\U06_C02.csproj", "{C0FA541E-55D5-4984-96EC-D88327FB4E81}"
EndProject
Project("{9A19103F-16F7-4668-BE54-9A1E7A4F7556}") = "Metodos_U06", "..\Metodos_U06\Metodos_U06.csproj", "{DC632EC8-A63C-4F74-99A2-33036870AEB9}"
EndProject
Project("{FAE04EC0-301F-11D3-BF4B-00C04F79EFBC}") = "U09_I01", "..\U09_I01\U09_I01.csproj", "{F1C65205-B422-416A-8557-F9FD4D6B7A8B}"
EndProject
Project("{FAE04EC0-301F-11D3-BF4B-00C04F79EFBC}") = "Metodos_U09", "..\Metodos_U09\Metodos_U09.csproj", "{CB7CD83A-5CCF-45ED-B41A-A34CEAD3A339}"
EndProject
Project("{FAE04EC0-301F-11D3-BF4B-00C04F79EFBC}") = "U09_I02", "..\U09_I02\U09_I02.csproj", "{27C3325D-B2CF-4A4C-8FD9-E3F48FBBA754}"
EndProject
Project("{FAE04EC0-301F-11D3-BF4B-00C04F79EFBC}") = "Metodos_U09_CalculadoraDeFormas", "..\Metodos_U09_CalculadoraDeFormas\Metodos_U09_CalculadoraDeFormas.csproj", "{B830231E-1E25-4EFC-ADB6-BBE4239F7AC3}"
EndProject
Global
	GlobalSection(SolutionConfigurationPlatforms) = preSolution
		Debug|Any CPU = Debug|Any CPU
		Release|Any CPU = Release|Any CPU
	EndGlobalSection
	GlobalSection(ProjectConfigurationPlatforms) = postSolution
		{48F9FFBE-338A-4683-A653-E2653C900490}.Debug|Any CPU.ActiveCfg = Debug|Any CPU
		{48F9FFBE-338A-4683-A653-E2653C900490}.Debug|Any CPU.Build.0 = Debug|Any CPU
		{48F9FFBE-338A-4683-A653-E2653C900490}.Release|Any CPU.ActiveCfg = Release|Any CPU
		{48F9FFBE-338A-4683-A653-E2653C900490}.Release|Any CPU.Build.0 = Release|Any CPU
		{26A25FCE-7773-4227-99C6-0910CB908DC7}.Debug|Any CPU.ActiveCfg = Debug|Any CPU
		{26A25FCE-7773-4227-99C6-0910CB908DC7}.Debug|Any CPU.Build.0 = Debug|Any CPU
		{26A25FCE-7773-4227-99C6-0910CB908DC7}.Release|Any CPU.ActiveCfg = Release|Any CPU
		{26A25FCE-7773-4227-99C6-0910CB908DC7}.Release|Any CPU.Build.0 = Release|Any CPU
		{7E76F99C-2602-433D-A8F7-28187A178954}.Debug|Any CPU.ActiveCfg = Debug|Any CPU
		{7E76F99C-2602-433D-A8F7-28187A178954}.Debug|Any CPU.Build.0 = Debug|Any CPU
		{7E76F99C-2602-433D-A8F7-28187A178954}.Release|Any CPU.ActiveCfg = Release|Any CPU
		{7E76F99C-2602-433D-A8F7-28187A178954}.Release|Any CPU.Build.0 = Release|Any CPU
		{CA08EFC5-9591-44AF-ABBF-C083D0E32D58}.Debug|Any CPU.ActiveCfg = Debug|Any CPU
		{CA08EFC5-9591-44AF-ABBF-C083D0E32D58}.Debug|Any CPU.Build.0 = Debug|Any CPU
		{CA08EFC5-9591-44AF-ABBF-C083D0E32D58}.Release|Any CPU.ActiveCfg = Release|Any CPU
		{CA08EFC5-9591-44AF-ABBF-C083D0E32D58}.Release|Any CPU.Build.0 = Release|Any CPU
		{DEE77C6C-31D1-400F-9A4E-519B37C9AA7E}.Debug|Any CPU.ActiveCfg = Debug|Any CPU
		{DEE77C6C-31D1-400F-9A4E-519B37C9AA7E}.Debug|Any CPU.Build.0 = Debug|Any CPU
		{DEE77C6C-31D1-400F-9A4E-519B37C9AA7E}.Release|Any CPU.ActiveCfg = Release|Any CPU
		{DEE77C6C-31D1-400F-9A4E-519B37C9AA7E}.Release|Any CPU.Build.0 = Release|Any CPU
		{8E1FC98C-D600-430D-B15F-ADCDC9B482A0}.Debug|Any CPU.ActiveCfg = Debug|Any CPU
		{8E1FC98C-D600-430D-B15F-ADCDC9B482A0}.Debug|Any CPU.Build.0 = Debug|Any CPU
		{8E1FC98C-D600-430D-B15F-ADCDC9B482A0}.Release|Any CPU.ActiveCfg = Release|Any CPU
		{8E1FC98C-D600-430D-B15F-ADCDC9B482A0}.Release|Any CPU.Build.0 = Release|Any CPU
		{C65C994C-F01A-44FB-9B17-6BBDD8822E5B}.Debug|Any CPU.ActiveCfg = Debug|Any CPU
		{C65C994C-F01A-44FB-9B17-6BBDD8822E5B}.Debug|Any CPU.Build.0 = Debug|Any CPU
		{C65C994C-F01A-44FB-9B17-6BBDD8822E5B}.Release|Any CPU.ActiveCfg = Release|Any CPU
		{C65C994C-F01A-44FB-9B17-6BBDD8822E5B}.Release|Any CPU.Build.0 = Release|Any CPU
		{E23025ED-8812-4FE3-AD6A-93E6B94EE5D7}.Debug|Any CPU.ActiveCfg = Debug|Any CPU
		{E23025ED-8812-4FE3-AD6A-93E6B94EE5D7}.Debug|Any CPU.Build.0 = Debug|Any CPU
		{E23025ED-8812-4FE3-AD6A-93E6B94EE5D7}.Release|Any CPU.ActiveCfg = Release|Any CPU
		{E23025ED-8812-4FE3-AD6A-93E6B94EE5D7}.Release|Any CPU.Build.0 = Release|Any CPU
		{7AD17134-FA23-4F6D-86EA-9C225737092F}.Debug|Any CPU.ActiveCfg = Debug|Any CPU
		{7AD17134-FA23-4F6D-86EA-9C225737092F}.Debug|Any CPU.Build.0 = Debug|Any CPU
		{7AD17134-FA23-4F6D-86EA-9C225737092F}.Release|Any CPU.ActiveCfg = Release|Any CPU
		{7AD17134-FA23-4F6D-86EA-9C225737092F}.Release|Any CPU.Build.0 = Release|Any CPU
		{6E7E5982-D255-474B-84A7-A117081C5A96}.Debug|Any CPU.ActiveCfg = Debug|Any CPU
		{6E7E5982-D255-474B-84A7-A117081C5A96}.Debug|Any CPU.Build.0 = Debug|Any CPU
		{6E7E5982-D255-474B-84A7-A117081C5A96}.Release|Any CPU.ActiveCfg = Release|Any CPU
		{6E7E5982-D255-474B-84A7-A117081C5A96}.Release|Any CPU.Build.0 = Release|Any CPU
		{78694B6A-F8F6-412F-99A9-B5C26AAA2AB1}.Debug|Any CPU.ActiveCfg = Debug|Any CPU
		{78694B6A-F8F6-412F-99A9-B5C26AAA2AB1}.Debug|Any CPU.Build.0 = Debug|Any CPU
		{78694B6A-F8F6-412F-99A9-B5C26AAA2AB1}.Release|Any CPU.ActiveCfg = Release|Any CPU
		{78694B6A-F8F6-412F-99A9-B5C26AAA2AB1}.Release|Any CPU.Build.0 = Release|Any CPU
		{F312D7B4-3062-4189-8426-E3E9E6AD9CDB}.Debug|Any CPU.ActiveCfg = Debug|Any CPU
		{F312D7B4-3062-4189-8426-E3E9E6AD9CDB}.Debug|Any CPU.Build.0 = Debug|Any CPU
		{F312D7B4-3062-4189-8426-E3E9E6AD9CDB}.Release|Any CPU.ActiveCfg = Release|Any CPU
		{F312D7B4-3062-4189-8426-E3E9E6AD9CDB}.Release|Any CPU.Build.0 = Release|Any CPU
		{DB76D4AB-814B-4EE0-9473-6086EA46C554}.Debug|Any CPU.ActiveCfg = Debug|Any CPU
		{DB76D4AB-814B-4EE0-9473-6086EA46C554}.Debug|Any CPU.Build.0 = Debug|Any CPU
		{DB76D4AB-814B-4EE0-9473-6086EA46C554}.Release|Any CPU.ActiveCfg = Release|Any CPU
		{DB76D4AB-814B-4EE0-9473-6086EA46C554}.Release|Any CPU.Build.0 = Release|Any CPU
		{CC1EDA2D-BFF9-4D78-83C0-33045B8DDBE9}.Debug|Any CPU.ActiveCfg = Debug|Any CPU
		{CC1EDA2D-BFF9-4D78-83C0-33045B8DDBE9}.Debug|Any CPU.Build.0 = Debug|Any CPU
		{CC1EDA2D-BFF9-4D78-83C0-33045B8DDBE9}.Release|Any CPU.ActiveCfg = Release|Any CPU
		{CC1EDA2D-BFF9-4D78-83C0-33045B8DDBE9}.Release|Any CPU.Build.0 = Release|Any CPU
		{26B6F110-DE9D-49C2-BEE0-1A559E248B8C}.Debug|Any CPU.ActiveCfg = Debug|Any CPU
		{26B6F110-DE9D-49C2-BEE0-1A559E248B8C}.Debug|Any CPU.Build.0 = Debug|Any CPU
		{26B6F110-DE9D-49C2-BEE0-1A559E248B8C}.Release|Any CPU.ActiveCfg = Release|Any CPU
		{26B6F110-DE9D-49C2-BEE0-1A559E248B8C}.Release|Any CPU.Build.0 = Release|Any CPU
		{43D28826-3517-49B6-B638-FD7B968F1900}.Debug|Any CPU.ActiveCfg = Debug|Any CPU
		{43D28826-3517-49B6-B638-FD7B968F1900}.Debug|Any CPU.Build.0 = Debug|Any CPU
		{43D28826-3517-49B6-B638-FD7B968F1900}.Release|Any CPU.ActiveCfg = Release|Any CPU
		{43D28826-3517-49B6-B638-FD7B968F1900}.Release|Any CPU.Build.0 = Release|Any CPU
		{5DF7C57D-58C9-4255-863D-32CA32852E61}.Debug|Any CPU.ActiveCfg = Debug|Any CPU
		{5DF7C57D-58C9-4255-863D-32CA32852E61}.Debug|Any CPU.Build.0 = Debug|Any CPU
		{5DF7C57D-58C9-4255-863D-32CA32852E61}.Release|Any CPU.ActiveCfg = Release|Any CPU
		{5DF7C57D-58C9-4255-863D-32CA32852E61}.Release|Any CPU.Build.0 = Release|Any CPU
		{C5BE395C-EAD5-4D1D-844C-E0992B85A3E2}.Debug|Any CPU.ActiveCfg = Debug|Any CPU
		{C5BE395C-EAD5-4D1D-844C-E0992B85A3E2}.Debug|Any CPU.Build.0 = Debug|Any CPU
		{C5BE395C-EAD5-4D1D-844C-E0992B85A3E2}.Release|Any CPU.ActiveCfg = Release|Any CPU
		{C5BE395C-EAD5-4D1D-844C-E0992B85A3E2}.Release|Any CPU.Build.0 = Release|Any CPU
		{F7510A5A-AAA7-4F6F-8C18-1D0D70D02A9B}.Debug|Any CPU.ActiveCfg = Debug|Any CPU
		{F7510A5A-AAA7-4F6F-8C18-1D0D70D02A9B}.Debug|Any CPU.Build.0 = Debug|Any CPU
		{F7510A5A-AAA7-4F6F-8C18-1D0D70D02A9B}.Release|Any CPU.ActiveCfg = Release|Any CPU
		{F7510A5A-AAA7-4F6F-8C18-1D0D70D02A9B}.Release|Any CPU.Build.0 = Release|Any CPU
		{F3AFF5AC-E15F-4074-AAC9-7E205772E777}.Debug|Any CPU.ActiveCfg = Debug|Any CPU
		{F3AFF5AC-E15F-4074-AAC9-7E205772E777}.Debug|Any CPU.Build.0 = Debug|Any CPU
		{F3AFF5AC-E15F-4074-AAC9-7E205772E777}.Release|Any CPU.ActiveCfg = Release|Any CPU
		{F3AFF5AC-E15F-4074-AAC9-7E205772E777}.Release|Any CPU.Build.0 = Release|Any CPU
		{E9FE6A47-B8BA-4057-8C49-995EF6545AE1}.Debug|Any CPU.ActiveCfg = Debug|Any CPU
		{E9FE6A47-B8BA-4057-8C49-995EF6545AE1}.Debug|Any CPU.Build.0 = Debug|Any CPU
		{E9FE6A47-B8BA-4057-8C49-995EF6545AE1}.Release|Any CPU.ActiveCfg = Release|Any CPU
		{E9FE6A47-B8BA-4057-8C49-995EF6545AE1}.Release|Any CPU.Build.0 = Release|Any CPU
		{6FFA5ACD-A246-4311-9403-3A22C648505B}.Debug|Any CPU.ActiveCfg = Debug|Any CPU
		{6FFA5ACD-A246-4311-9403-3A22C648505B}.Debug|Any CPU.Build.0 = Debug|Any CPU
		{6FFA5ACD-A246-4311-9403-3A22C648505B}.Release|Any CPU.ActiveCfg = Release|Any CPU
		{6FFA5ACD-A246-4311-9403-3A22C648505B}.Release|Any CPU.Build.0 = Release|Any CPU
		{70199C19-A102-4B91-98FF-998375BFED1B}.Debug|Any CPU.ActiveCfg = Debug|Any CPU
		{70199C19-A102-4B91-98FF-998375BFED1B}.Debug|Any CPU.Build.0 = Debug|Any CPU
		{70199C19-A102-4B91-98FF-998375BFED1B}.Release|Any CPU.ActiveCfg = Release|Any CPU
		{70199C19-A102-4B91-98FF-998375BFED1B}.Release|Any CPU.Build.0 = Release|Any CPU
		{490B4843-8C34-414A-98F3-AD95235C490B}.Debug|Any CPU.ActiveCfg = Debug|Any CPU
		{490B4843-8C34-414A-98F3-AD95235C490B}.Debug|Any CPU.Build.0 = Debug|Any CPU
		{490B4843-8C34-414A-98F3-AD95235C490B}.Release|Any CPU.ActiveCfg = Release|Any CPU
		{490B4843-8C34-414A-98F3-AD95235C490B}.Release|Any CPU.Build.0 = Release|Any CPU
		{3159C3BA-550D-4DE4-A95D-9779C1888BB0}.Debug|Any CPU.ActiveCfg = Debug|Any CPU
		{3159C3BA-550D-4DE4-A95D-9779C1888BB0}.Debug|Any CPU.Build.0 = Debug|Any CPU
		{3159C3BA-550D-4DE4-A95D-9779C1888BB0}.Release|Any CPU.ActiveCfg = Release|Any CPU
		{3159C3BA-550D-4DE4-A95D-9779C1888BB0}.Release|Any CPU.Build.0 = Release|Any CPU
		{D48199A7-E53E-4D01-B98C-300061E1CAE9}.Debug|Any CPU.ActiveCfg = Debug|Any CPU
		{D48199A7-E53E-4D01-B98C-300061E1CAE9}.Debug|Any CPU.Build.0 = Debug|Any CPU
		{D48199A7-E53E-4D01-B98C-300061E1CAE9}.Release|Any CPU.ActiveCfg = Release|Any CPU
		{D48199A7-E53E-4D01-B98C-300061E1CAE9}.Release|Any CPU.Build.0 = Release|Any CPU
		{CD448076-9E9A-413F-A05E-532A2CED8217}.Debug|Any CPU.ActiveCfg = Debug|Any CPU
		{CD448076-9E9A-413F-A05E-532A2CED8217}.Debug|Any CPU.Build.0 = Debug|Any CPU
		{CD448076-9E9A-413F-A05E-532A2CED8217}.Release|Any CPU.ActiveCfg = Release|Any CPU
		{CD448076-9E9A-413F-A05E-532A2CED8217}.Release|Any CPU.Build.0 = Release|Any CPU
		{6DB1F47E-3178-4449-9D19-42BB1A322FEF}.Debug|Any CPU.ActiveCfg = Debug|Any CPU
		{6DB1F47E-3178-4449-9D19-42BB1A322FEF}.Debug|Any CPU.Build.0 = Debug|Any CPU
		{6DB1F47E-3178-4449-9D19-42BB1A322FEF}.Release|Any CPU.ActiveCfg = Release|Any CPU
		{6DB1F47E-3178-4449-9D19-42BB1A322FEF}.Release|Any CPU.Build.0 = Release|Any CPU
		{9C6A570F-268B-4010-915D-D2838C0B4C55}.Debug|Any CPU.ActiveCfg = Debug|Any CPU
		{9C6A570F-268B-4010-915D-D2838C0B4C55}.Debug|Any CPU.Build.0 = Debug|Any CPU
		{9C6A570F-268B-4010-915D-D2838C0B4C55}.Release|Any CPU.ActiveCfg = Release|Any CPU
		{9C6A570F-268B-4010-915D-D2838C0B4C55}.Release|Any CPU.Build.0 = Release|Any CPU
		{C91FD280-7662-4DAB-A8E5-C4A6F01EE9BD}.Debug|Any CPU.ActiveCfg = Debug|Any CPU
		{C91FD280-7662-4DAB-A8E5-C4A6F01EE9BD}.Debug|Any CPU.Build.0 = Debug|Any CPU
		{C91FD280-7662-4DAB-A8E5-C4A6F01EE9BD}.Release|Any CPU.ActiveCfg = Release|Any CPU
		{C91FD280-7662-4DAB-A8E5-C4A6F01EE9BD}.Release|Any CPU.Build.0 = Release|Any CPU
		{48414DC7-43D4-4531-8CA7-FBD043071F63}.Debug|Any CPU.ActiveCfg = Debug|Any CPU
		{48414DC7-43D4-4531-8CA7-FBD043071F63}.Debug|Any CPU.Build.0 = Debug|Any CPU
		{48414DC7-43D4-4531-8CA7-FBD043071F63}.Release|Any CPU.ActiveCfg = Release|Any CPU
		{48414DC7-43D4-4531-8CA7-FBD043071F63}.Release|Any CPU.Build.0 = Release|Any CPU
		{A35F67E2-52AB-4B39-AFEE-9A7ECD77956C}.Debug|Any CPU.ActiveCfg = Debug|Any CPU
		{A35F67E2-52AB-4B39-AFEE-9A7ECD77956C}.Debug|Any CPU.Build.0 = Debug|Any CPU
		{A35F67E2-52AB-4B39-AFEE-9A7ECD77956C}.Release|Any CPU.ActiveCfg = Release|Any CPU
		{A35F67E2-52AB-4B39-AFEE-9A7ECD77956C}.Release|Any CPU.Build.0 = Release|Any CPU
		{C51BBB44-51AE-41D1-8A49-A3206D0F384A}.Debug|Any CPU.ActiveCfg = Debug|Any CPU
		{C51BBB44-51AE-41D1-8A49-A3206D0F384A}.Debug|Any CPU.Build.0 = Debug|Any CPU
		{C51BBB44-51AE-41D1-8A49-A3206D0F384A}.Release|Any CPU.ActiveCfg = Release|Any CPU
		{C51BBB44-51AE-41D1-8A49-A3206D0F384A}.Release|Any CPU.Build.0 = Release|Any CPU
		{BEB48371-FC11-47C6-99B5-8987D21ADE28}.Debug|Any CPU.ActiveCfg = Debug|Any CPU
		{BEB48371-FC11-47C6-99B5-8987D21ADE28}.Debug|Any CPU.Build.0 = Debug|Any CPU
		{BEB48371-FC11-47C6-99B5-8987D21ADE28}.Release|Any CPU.ActiveCfg = Release|Any CPU
		{BEB48371-FC11-47C6-99B5-8987D21ADE28}.Release|Any CPU.Build.0 = Release|Any CPU
		{A4268261-EE9A-4AB5-A2F5-25B8785E9112}.Debug|Any CPU.ActiveCfg = Debug|Any CPU
		{A4268261-EE9A-4AB5-A2F5-25B8785E9112}.Debug|Any CPU.Build.0 = Debug|Any CPU
		{A4268261-EE9A-4AB5-A2F5-25B8785E9112}.Release|Any CPU.ActiveCfg = Release|Any CPU
		{A4268261-EE9A-4AB5-A2F5-25B8785E9112}.Release|Any CPU.Build.0 = Release|Any CPU
		{AF88CF36-AA1E-4F2F-905C-B133379EB869}.Debug|Any CPU.ActiveCfg = Debug|Any CPU
		{AF88CF36-AA1E-4F2F-905C-B133379EB869}.Debug|Any CPU.Build.0 = Debug|Any CPU
		{AF88CF36-AA1E-4F2F-905C-B133379EB869}.Release|Any CPU.ActiveCfg = Release|Any CPU
		{AF88CF36-AA1E-4F2F-905C-B133379EB869}.Release|Any CPU.Build.0 = Release|Any CPU
		{9A41B425-68C4-4E3D-92DC-8DDDB6CAD424}.Debug|Any CPU.ActiveCfg = Debug|Any CPU
		{9A41B425-68C4-4E3D-92DC-8DDDB6CAD424}.Debug|Any CPU.Build.0 = Debug|Any CPU
		{9A41B425-68C4-4E3D-92DC-8DDDB6CAD424}.Release|Any CPU.ActiveCfg = Release|Any CPU
		{9A41B425-68C4-4E3D-92DC-8DDDB6CAD424}.Release|Any CPU.Build.0 = Release|Any CPU
		{C0FA541E-55D5-4984-96EC-D88327FB4E81}.Debug|Any CPU.ActiveCfg = Debug|Any CPU
		{C0FA541E-55D5-4984-96EC-D88327FB4E81}.Debug|Any CPU.Build.0 = Debug|Any CPU
		{C0FA541E-55D5-4984-96EC-D88327FB4E81}.Release|Any CPU.ActiveCfg = Release|Any CPU
		{C0FA541E-55D5-4984-96EC-D88327FB4E81}.Release|Any CPU.Build.0 = Release|Any CPU
		{DC632EC8-A63C-4F74-99A2-33036870AEB9}.Debug|Any CPU.ActiveCfg = Debug|Any CPU
		{DC632EC8-A63C-4F74-99A2-33036870AEB9}.Debug|Any CPU.Build.0 = Debug|Any CPU
		{DC632EC8-A63C-4F74-99A2-33036870AEB9}.Release|Any CPU.ActiveCfg = Release|Any CPU
		{DC632EC8-A63C-4F74-99A2-33036870AEB9}.Release|Any CPU.Build.0 = Release|Any CPU
		{F1C65205-B422-416A-8557-F9FD4D6B7A8B}.Debug|Any CPU.ActiveCfg = Debug|Any CPU
		{F1C65205-B422-416A-8557-F9FD4D6B7A8B}.Debug|Any CPU.Build.0 = Debug|Any CPU
		{F1C65205-B422-416A-8557-F9FD4D6B7A8B}.Release|Any CPU.ActiveCfg = Release|Any CPU
		{F1C65205-B422-416A-8557-F9FD4D6B7A8B}.Release|Any CPU.Build.0 = Release|Any CPU
		{CB7CD83A-5CCF-45ED-B41A-A34CEAD3A339}.Debug|Any CPU.ActiveCfg = Debug|Any CPU
		{CB7CD83A-5CCF-45ED-B41A-A34CEAD3A339}.Debug|Any CPU.Build.0 = Debug|Any CPU
		{CB7CD83A-5CCF-45ED-B41A-A34CEAD3A339}.Release|Any CPU.ActiveCfg = Release|Any CPU
		{CB7CD83A-5CCF-45ED-B41A-A34CEAD3A339}.Release|Any CPU.Build.0 = Release|Any CPU
		{27C3325D-B2CF-4A4C-8FD9-E3F48FBBA754}.Debug|Any CPU.ActiveCfg = Debug|Any CPU
		{27C3325D-B2CF-4A4C-8FD9-E3F48FBBA754}.Debug|Any CPU.Build.0 = Debug|Any CPU
		{27C3325D-B2CF-4A4C-8FD9-E3F48FBBA754}.Release|Any CPU.ActiveCfg = Release|Any CPU
		{27C3325D-B2CF-4A4C-8FD9-E3F48FBBA754}.Release|Any CPU.Build.0 = Release|Any CPU
		{B830231E-1E25-4EFC-ADB6-BBE4239F7AC3}.Debug|Any CPU.ActiveCfg = Debug|Any CPU
		{B830231E-1E25-4EFC-ADB6-BBE4239F7AC3}.Debug|Any CPU.Build.0 = Debug|Any CPU
		{B830231E-1E25-4EFC-ADB6-BBE4239F7AC3}.Release|Any CPU.ActiveCfg = Release|Any CPU
		{B830231E-1E25-4EFC-ADB6-BBE4239F7AC3}.Release|Any CPU.Build.0 = Release|Any CPU
	EndGlobalSection
	GlobalSection(SolutionProperties) = preSolution
		HideSolutionNode = FALSE
	EndGlobalSection
	GlobalSection(ExtensibilityGlobals) = postSolution
		SolutionGuid = {DC526A50-045C-4807-8674-690BABC58495}
	EndGlobalSection
EndGlobal
