
Microsoft Visual Studio Solution File, Format Version 12.00
# Visual Studio Version 17
VisualStudioVersion = 17.4.33205.214
MinimumVisualStudioVersion = 10.0.40219.1
Project("{9A19103F-16F7-4668-BE54-9A1E7A4F7556}") = "Unidad_07_Ejercicio_i01", "Unidad_07_Ejercicio_i01.csproj", "{14EBD9F0-5944-484C-AB91-993790CB58B6}"
EndProject
Project("{9A19103F-16F7-4668-BE54-9A1E7A4F7556}") = "PuestoDeAtencion", "..\PuestoDeAtencion\PuestoDeAtencion.csproj", "{BA31239F-BDC8-488B-8BFB-8C49868B3B0F}"
EndProject
Project("{9A19103F-16F7-4668-BE54-9A1E7A4F7556}") = "Libreria", "..\Libreria\Libreria.csproj", "{72A7D361-5C5C-42E7-8141-9D7AB44CF968}"
EndProject
Project("{FAE04EC0-301F-11D3-BF4B-00C04F79EFBC}") = "Unidad_07_Ejercicio_i02", "..\Unidad_07_Ejercicio_i02\Unidad_07_Ejercicio_i02.csproj", "{671A9E07-3025-416E-85C8-E9F76E929F31}"
EndProject
Project("{FAE04EC0-301F-11D3-BF4B-00C04F79EFBC}") = "Unidad_07_Ejercicio_i03", "..\Unidad_07_Ejercicio_i03\Unidad_07_Ejercicio_i03.csproj", "{C7183623-8BED-4278-8AB6-DAA01FCC974C}"
EndProject
Project("{FAE04EC0-301F-11D3-BF4B-00C04F79EFBC}") = "EstadisticaDeportiva", "..\EstadisticaDeportiva\EstadisticaDeportiva.csproj", "{76E87254-FD14-4D87-8242-1EA4A141D3D4}"
EndProject
Global
	GlobalSection(SolutionConfigurationPlatforms) = preSolution
		Debug|Any CPU = Debug|Any CPU
		Release|Any CPU = Release|Any CPU
	EndGlobalSection
	GlobalSection(ProjectConfigurationPlatforms) = postSolution
		{14EBD9F0-5944-484C-AB91-993790CB58B6}.Debug|Any CPU.ActiveCfg = Debug|Any CPU
		{14EBD9F0-5944-484C-AB91-993790CB58B6}.Debug|Any CPU.Build.0 = Debug|Any CPU
		{14EBD9F0-5944-484C-AB91-993790CB58B6}.Release|Any CPU.ActiveCfg = Release|Any CPU
		{14EBD9F0-5944-484C-AB91-993790CB58B6}.Release|Any CPU.Build.0 = Release|Any CPU
		{BA31239F-BDC8-488B-8BFB-8C49868B3B0F}.Debug|Any CPU.ActiveCfg = Debug|Any CPU
		{BA31239F-BDC8-488B-8BFB-8C49868B3B0F}.Debug|Any CPU.Build.0 = Debug|Any CPU
		{BA31239F-BDC8-488B-8BFB-8C49868B3B0F}.Release|Any CPU.ActiveCfg = Release|Any CPU
		{BA31239F-BDC8-488B-8BFB-8C49868B3B0F}.Release|Any CPU.Build.0 = Release|Any CPU
		{72A7D361-5C5C-42E7-8141-9D7AB44CF968}.Debug|Any CPU.ActiveCfg = Debug|Any CPU
		{72A7D361-5C5C-42E7-8141-9D7AB44CF968}.Debug|Any CPU.Build.0 = Debug|Any CPU
		{72A7D361-5C5C-42E7-8141-9D7AB44CF968}.Release|Any CPU.ActiveCfg = Release|Any CPU
		{72A7D361-5C5C-42E7-8141-9D7AB44CF968}.Release|Any CPU.Build.0 = Release|Any CPU
		{671A9E07-3025-416E-85C8-E9F76E929F31}.Debug|Any CPU.ActiveCfg = Debug|Any CPU
		{671A9E07-3025-416E-85C8-E9F76E929F31}.Debug|Any CPU.Build.0 = Debug|Any CPU
		{671A9E07-3025-416E-85C8-E9F76E929F31}.Release|Any CPU.ActiveCfg = Release|Any CPU
		{671A9E07-3025-416E-85C8-E9F76E929F31}.Release|Any CPU.Build.0 = Release|Any CPU
		{C7183623-8BED-4278-8AB6-DAA01FCC974C}.Debug|Any CPU.ActiveCfg = Debug|Any CPU
		{C7183623-8BED-4278-8AB6-DAA01FCC974C}.Debug|Any CPU.Build.0 = Debug|Any CPU
		{C7183623-8BED-4278-8AB6-DAA01FCC974C}.Release|Any CPU.ActiveCfg = Release|Any CPU
		{C7183623-8BED-4278-8AB6-DAA01FCC974C}.Release|Any CPU.Build.0 = Release|Any CPU
		{76E87254-FD14-4D87-8242-1EA4A141D3D4}.Debug|Any CPU.ActiveCfg = Debug|Any CPU
		{76E87254-FD14-4D87-8242-1EA4A141D3D4}.Debug|Any CPU.Build.0 = Debug|Any CPU
		{76E87254-FD14-4D87-8242-1EA4A141D3D4}.Release|Any CPU.ActiveCfg = Release|Any CPU
		{76E87254-FD14-4D87-8242-1EA4A141D3D4}.Release|Any CPU.Build.0 = Release|Any CPU
	EndGlobalSection
	GlobalSection(SolutionProperties) = preSolution
		HideSolutionNode = FALSE
	EndGlobalSection
	GlobalSection(ExtensibilityGlobals) = postSolution
		SolutionGuid = {BFBA8D45-7E7A-4DB3-A275-50F53E3412C3}
	EndGlobalSection
EndGlobal
