
Microsoft Visual Studio Solution File, Format Version 12.00
# Visual Studio Version 17
VisualStudioVersion = 17.4.33205.214
MinimumVisualStudioVersion = 10.0.40219.1
Project("{FAE04EC0-301F-11D3-BF4B-00C04F79EFBC}") = "Unidad_01_Introduccion_Ejercicio_01", "Unidad_01_Introduccion_Ejercicio_01\Unidad_01_Introduccion_Ejercicio_01.csproj", "{1CB4EF05-5935-4F14-874B-651C53421082}"
EndProject
Global
	GlobalSection(SolutionConfigurationPlatforms) = preSolution
		Debug|Any CPU = Debug|Any CPU
		Release|Any CPU = Release|Any CPU
	EndGlobalSection
	GlobalSection(ProjectConfigurationPlatforms) = postSolution
		{1CB4EF05-5935-4F14-874B-651C53421082}.Debug|Any CPU.ActiveCfg = Debug|Any CPU
		{1CB4EF05-5935-4F14-874B-651C53421082}.Debug|Any CPU.Build.0 = Debug|Any CPU
		{1CB4EF05-5935-4F14-874B-651C53421082}.Release|Any CPU.ActiveCfg = Release|Any CPU
		{1CB4EF05-5935-4F14-874B-651C53421082}.Release|Any CPU.Build.0 = Release|Any CPU
	EndGlobalSection
	GlobalSection(SolutionProperties) = preSolution
		HideSolutionNode = FALSE
	EndGlobalSection
	GlobalSection(ExtensibilityGlobals) = postSolution
		SolutionGuid = {A10C8096-096B-4028-A7C2-46343EF0DBDA}
	EndGlobalSection
EndGlobal
