
Microsoft Visual Studio Solution File, Format Version 12.00
# Visual Studio Version 17
VisualStudioVersion = 17.4.33205.214
MinimumVisualStudioVersion = 10.0.40219.1
Project("{9A19103F-16F7-4668-BE54-9A1E7A4F7556}") = "Unidad_08_Ejercicio_C01", "Unidad_08_Ejercicio_C01.csproj", "{1AA6CDFE-77F2-46A4-975B-73310A3B54F0}"
EndProject
Project("{9A19103F-16F7-4668-BE54-9A1E7A4F7556}") = "HerenciaDeportiva", "..\HerenciaDeportiva\HerenciaDeportiva.csproj", "{49812EE2-C488-465E-9840-48C7AC3499AF}"
EndProject
Project("{FAE04EC0-301F-11D3-BF4B-00C04F79EFBC}") = "Unidad_08_Ejercicio_Centralita-01", "..\Unidad_08_Ejercicio_Centralita-01\Unidad_08_Ejercicio_Centralita-01.csproj", "{5E256278-2971-41DE-B16A-BD21073E0197}"
EndProject
Project("{FAE04EC0-301F-11D3-BF4B-00C04F79EFBC}") = "CentralTelefonica", "..\CentralTelefonica\CentralTelefonica.csproj", "{0A951DEF-BD11-4EC3-B028-8A377C0B2994}"
EndProject
Global
	GlobalSection(SolutionConfigurationPlatforms) = preSolution
		Debug|Any CPU = Debug|Any CPU
		Release|Any CPU = Release|Any CPU
	EndGlobalSection
	GlobalSection(ProjectConfigurationPlatforms) = postSolution
		{1AA6CDFE-77F2-46A4-975B-73310A3B54F0}.Debug|Any CPU.ActiveCfg = Debug|Any CPU
		{1AA6CDFE-77F2-46A4-975B-73310A3B54F0}.Debug|Any CPU.Build.0 = Debug|Any CPU
		{1AA6CDFE-77F2-46A4-975B-73310A3B54F0}.Release|Any CPU.ActiveCfg = Release|Any CPU
		{1AA6CDFE-77F2-46A4-975B-73310A3B54F0}.Release|Any CPU.Build.0 = Release|Any CPU
		{49812EE2-C488-465E-9840-48C7AC3499AF}.Debug|Any CPU.ActiveCfg = Debug|Any CPU
		{49812EE2-C488-465E-9840-48C7AC3499AF}.Debug|Any CPU.Build.0 = Debug|Any CPU
		{49812EE2-C488-465E-9840-48C7AC3499AF}.Release|Any CPU.ActiveCfg = Release|Any CPU
		{49812EE2-C488-465E-9840-48C7AC3499AF}.Release|Any CPU.Build.0 = Release|Any CPU
		{5E256278-2971-41DE-B16A-BD21073E0197}.Debug|Any CPU.ActiveCfg = Debug|Any CPU
		{5E256278-2971-41DE-B16A-BD21073E0197}.Debug|Any CPU.Build.0 = Debug|Any CPU
		{5E256278-2971-41DE-B16A-BD21073E0197}.Release|Any CPU.ActiveCfg = Release|Any CPU
		{5E256278-2971-41DE-B16A-BD21073E0197}.Release|Any CPU.Build.0 = Release|Any CPU
		{0A951DEF-BD11-4EC3-B028-8A377C0B2994}.Debug|Any CPU.ActiveCfg = Debug|Any CPU
		{0A951DEF-BD11-4EC3-B028-8A377C0B2994}.Debug|Any CPU.Build.0 = Debug|Any CPU
		{0A951DEF-BD11-4EC3-B028-8A377C0B2994}.Release|Any CPU.ActiveCfg = Release|Any CPU
		{0A951DEF-BD11-4EC3-B028-8A377C0B2994}.Release|Any CPU.Build.0 = Release|Any CPU
	EndGlobalSection
	GlobalSection(SolutionProperties) = preSolution
		HideSolutionNode = FALSE
	EndGlobalSection
	GlobalSection(ExtensibilityGlobals) = postSolution
		SolutionGuid = {E910DA36-64CE-47EF-B970-1F4D45DEF90E}
	EndGlobalSection
EndGlobal
